// !$*UTF8*$!
{
	archiveVersion = 1;
	classes = {
	};
	objectVersion = 50;
	objects = {

/* Begin PBXBuildFile section */
		D16A14F82606C6D9009EB3DC /* ConfirmacaoPagamentoViewController.swift in Sources */ = {isa = PBXBuildFile; fileRef = D16A14F72606C6D9009EB3DC /* ConfirmacaoPagamentoViewController.swift */; };
		D1B809D52602B8D700930468 /* PacotesViagensViewController.swift in Sources */ = {isa = PBXBuildFile; fileRef = D1B809D42602B8D700930468 /* PacotesViagensViewController.swift */; };
		D1B809D72602C2DE00930468 /* PacoteViagemCollectionViewCell.swift in Sources */ = {isa = PBXBuildFile; fileRef = D1B809D62602C2DE00930468 /* PacoteViagemCollectionViewCell.swift */; };
		D1C27AD425FFFE3D00EEA976 /* ViagemDAO.swift in Sources */ = {isa = PBXBuildFile; fileRef = D1C27AD325FFFE3D00EEA976 /* ViagemDAO.swift */; };
		D1C27AD625FFFE7300EEA976 /* Viagem.swift in Sources */ = {isa = PBXBuildFile; fileRef = D1C27AD525FFFE7300EEA976 /* Viagem.swift */; };
		D1C27AD8260022FB00EEA976 /* TableViewCell.swift in Sources */ = {isa = PBXBuildFile; fileRef = D1C27AD7260022FB00EEA976 /* TableViewCell.swift */; };
		D1DB31F125FFC4D700C92E3B /* AppDelegate.swift in Sources */ = {isa = PBXBuildFile; fileRef = D1DB31F025FFC4D700C92E3B /* AppDelegate.swift */; };
		D1DB31F325FFC4D700C92E3B /* SceneDelegate.swift in Sources */ = {isa = PBXBuildFile; fileRef = D1DB31F225FFC4D700C92E3B /* SceneDelegate.swift */; };
		D1DB31F525FFC4D700C92E3B /* ViewController.swift in Sources */ = {isa = PBXBuildFile; fileRef = D1DB31F425FFC4D700C92E3B /* ViewController.swift */; };
		D1DB31F825FFC4D700C92E3B /* Main.storyboard in Resources */ = {isa = PBXBuildFile; fileRef = D1DB31F625FFC4D700C92E3B /* Main.storyboard */; };
		D1DB31FA25FFC4D700C92E3B /* Assets.xcassets in Resources */ = {isa = PBXBuildFile; fileRef = D1DB31F925FFC4D700C92E3B /* Assets.xcassets */; };
		D1DB31FD25FFC4D700C92E3B /* LaunchScreen.storyboard in Resources */ = {isa = PBXBuildFile; fileRef = D1DB31FB25FFC4D700C92E3B /* LaunchScreen.storyboard */; };
		D1E001482605705000D77EF2 /* PacoteViagemDAO.swift in Sources */ = {isa = PBXBuildFile; fileRef = D1E001472605705000D77EF2 /* PacoteViagemDAO.swift */; };
		D1E0014A2605707400D77EF2 /* PacoteViagem.swift in Sources */ = {isa = PBXBuildFile; fileRef = D1E001492605707400D77EF2 /* PacoteViagem.swift */; };
		D1E0015D260576DC00D77EF2 /* icon_airplane.png in Resources */ = {isa = PBXBuildFile; fileRef = D1E0014C260576DB00D77EF2 /* icon_airplane.png */; };
		D1E0015E260576DC00D77EF2 /* icon_back.png in Resources */ = {isa = PBXBuildFile; fileRef = D1E0014D260576DB00D77EF2 /* icon_back.png */; };
		D1E0015F260576DC00D77EF2 /* icon_breakfast.png in Resources */ = {isa = PBXBuildFile; fileRef = D1E0014E260576DB00D77EF2 /* icon_breakfast.png */; };
		D1E00160260576DC00D77EF2 /* icon_hotel.png in Resources */ = {isa = PBXBuildFile; fileRef = D1E0014F260576DB00D77EF2 /* icon_hotel.png */; };
		D1E00161260576DC00D77EF2 /* icon_package@2x.png in Resources */ = {isa = PBXBuildFile; fileRef = D1E00150260576DB00D77EF2 /* icon_package@2x.png */; };
		D1E00162260576DC00D77EF2 /* icon_search@2x.png in Resources */ = {isa = PBXBuildFile; fileRef = D1E00151260576DB00D77EF2 /* icon_search@2x.png */; };
		D1E00163260576DC00D77EF2 /* img1.png in Resources */ = {isa = PBXBuildFile; fileRef = D1E00152260576DB00D77EF2 /* img1.png */; };
		D1E00164260576DC00D77EF2 /* img10.jpg in Resources */ = {isa = PBXBuildFile; fileRef = D1E00153260576DB00D77EF2 /* img10.jpg */; };
		D1E00165260576DC00D77EF2 /* img11.jpg in Resources */ = {isa = PBXBuildFile; fileRef = D1E00154260576DB00D77EF2 /* img11.jpg */; };
		D1E00166260576DC00D77EF2 /* img2.jpg in Resources */ = {isa = PBXBuildFile; fileRef = D1E00155260576DB00D77EF2 /* img2.jpg */; };
		D1E00167260576DC00D77EF2 /* img3.jpg in Resources */ = {isa = PBXBuildFile; fileRef = D1E00156260576DB00D77EF2 /* img3.jpg */; };
		D1E00168260576DC00D77EF2 /* img4.jpg in Resources */ = {isa = PBXBuildFile; fileRef = D1E00157260576DB00D77EF2 /* img4.jpg */; };
		D1E00169260576DC00D77EF2 /* img5.jpg in Resources */ = {isa = PBXBuildFile; fileRef = D1E00158260576DB00D77EF2 /* img5.jpg */; };
		D1E0016A260576DC00D77EF2 /* img6.jpg in Resources */ = {isa = PBXBuildFile; fileRef = D1E00159260576DB00D77EF2 /* img6.jpg */; };
		D1E0016B260576DC00D77EF2 /* img7.jpg in Resources */ = {isa = PBXBuildFile; fileRef = D1E0015A260576DB00D77EF2 /* img7.jpg */; };
		D1E0016C260576DC00D77EF2 /* img8.jpg in Resources */ = {isa = PBXBuildFile; fileRef = D1E0015B260576DB00D77EF2 /* img8.jpg */; };
		D1E0016D260576DC00D77EF2 /* img9.jpg in Resources */ = {isa = PBXBuildFile; fileRef = D1E0015C260576DB00D77EF2 /* img9.jpg */; };
		D1E0016F26057A3000D77EF2 /* DetalhesViagemViewController.swift in Sources */ = {isa = PBXBuildFile; fileRef = D1E0016E26057A3000D77EF2 /* DetalhesViagemViewController.swift */; };
/* End PBXBuildFile section */

/* Begin PBXFileReference section */
		D16A14F72606C6D9009EB3DC /* ConfirmacaoPagamentoViewController.swift */ = {isa = PBXFileReference; lastKnownFileType = sourcecode.swift; path = ConfirmacaoPagamentoViewController.swift; sourceTree = "<group>"; };
		D1B809D42602B8D700930468 /* PacotesViagensViewController.swift */ = {isa = PBXFileReference; lastKnownFileType = sourcecode.swift; path = PacotesViagensViewController.swift; sourceTree = "<group>"; };
		D1B809D62602C2DE00930468 /* PacoteViagemCollectionViewCell.swift */ = {isa = PBXFileReference; lastKnownFileType = sourcecode.swift; path = PacoteViagemCollectionViewCell.swift; sourceTree = "<group>"; };
		D1C27AD325FFFE3D00EEA976 /* ViagemDAO.swift */ = {isa = PBXFileReference; lastKnownFileType = sourcecode.swift; path = ViagemDAO.swift; sourceTree = "<group>"; };
		D1C27AD525FFFE7300EEA976 /* Viagem.swift */ = {isa = PBXFileReference; lastKnownFileType = sourcecode.swift; path = Viagem.swift; sourceTree = "<group>"; };
		D1C27AD7260022FB00EEA976 /* TableViewCell.swift */ = {isa = PBXFileReference; lastKnownFileType = sourcecode.swift; path = TableViewCell.swift; sourceTree = "<group>"; };
		D1DB31ED25FFC4D700C92E3B /* App Viagens.app */ = {isa = PBXFileReference; explicitFileType = wrapper.application; includeInIndex = 0; path = "App Viagens.app"; sourceTree = BUILT_PRODUCTS_DIR; };
		D1DB31F025FFC4D700C92E3B /* AppDelegate.swift */ = {isa = PBXFileReference; lastKnownFileType = sourcecode.swift; path = AppDelegate.swift; sourceTree = "<group>"; };
		D1DB31F225FFC4D700C92E3B /* SceneDelegate.swift */ = {isa = PBXFileReference; lastKnownFileType = sourcecode.swift; path = SceneDelegate.swift; sourceTree = "<group>"; };
		D1DB31F425FFC4D700C92E3B /* ViewController.swift */ = {isa = PBXFileReference; lastKnownFileType = sourcecode.swift; path = ViewController.swift; sourceTree = "<group>"; };
		D1DB31F725FFC4D700C92E3B /* Base */ = {isa = PBXFileReference; lastKnownFileType = file.storyboard; name = Base; path = Base.lproj/Main.storyboard; sourceTree = "<group>"; };
		D1DB31F925FFC4D700C92E3B /* Assets.xcassets */ = {isa = PBXFileReference; lastKnownFileType = folder.assetcatalog; path = Assets.xcassets; sourceTree = "<group>"; };
		D1DB31FC25FFC4D700C92E3B /* Base */ = {isa = PBXFileReference; lastKnownFileType = file.storyboard; name = Base; path = Base.lproj/LaunchScreen.storyboard; sourceTree = "<group>"; };
		D1DB31FE25FFC4D700C92E3B /* Info.plist */ = {isa = PBXFileReference; lastKnownFileType = text.plist.xml; path = Info.plist; sourceTree = "<group>"; };
		D1E001472605705000D77EF2 /* PacoteViagemDAO.swift */ = {isa = PBXFileReference; fileEncoding = 4; lastKnownFileType = sourcecode.swift; name = PacoteViagemDAO.swift; path = "../../../../../../Downloads/arquivos-externos/PacoteViagemDAO.swift"; sourceTree = "<group>"; };
		D1E001492605707400D77EF2 /* PacoteViagem.swift */ = {isa = PBXFileReference; lastKnownFileType = sourcecode.swift; path = PacoteViagem.swift; sourceTree = "<group>"; };
		D1E0014C260576DB00D77EF2 /* icon_airplane.png */ = {isa = PBXFileReference; lastKnownFileType = image.png; path = icon_airplane.png; sourceTree = "<group>"; };
		D1E0014D260576DB00D77EF2 /* icon_back.png */ = {isa = PBXFileReference; lastKnownFileType = image.png; path = icon_back.png; sourceTree = "<group>"; };
		D1E0014E260576DB00D77EF2 /* icon_breakfast.png */ = {isa = PBXFileReference; lastKnownFileType = image.png; path = icon_breakfast.png; sourceTree = "<group>"; };
		D1E0014F260576DB00D77EF2 /* icon_hotel.png */ = {isa = PBXFileReference; lastKnownFileType = image.png; path = icon_hotel.png; sourceTree = "<group>"; };
		D1E00150260576DB00D77EF2 /* icon_package@2x.png */ = {isa = PBXFileReference; lastKnownFileType = image.png; path = "icon_package@2x.png"; sourceTree = "<group>"; };
		D1E00151260576DB00D77EF2 /* icon_search@2x.png */ = {isa = PBXFileReference; lastKnownFileType = image.png; path = "icon_search@2x.png"; sourceTree = "<group>"; };
		D1E00152260576DB00D77EF2 /* img1.png */ = {isa = PBXFileReference; lastKnownFileType = image.png; path = img1.png; sourceTree = "<group>"; };
		D1E00153260576DB00D77EF2 /* img10.jpg */ = {isa = PBXFileReference; lastKnownFileType = image.jpeg; path = img10.jpg; sourceTree = "<group>"; };
		D1E00154260576DB00D77EF2 /* img11.jpg */ = {isa = PBXFileReference; lastKnownFileType = image.jpeg; path = img11.jpg; sourceTree = "<group>"; };
		D1E00155260576DB00D77EF2 /* img2.jpg */ = {isa = PBXFileReference; lastKnownFileType = image.jpeg; path = img2.jpg; sourceTree = "<group>"; };
		D1E00156260576DB00D77EF2 /* img3.jpg */ = {isa = PBXFileReference; lastKnownFileType = image.jpeg; path = img3.jpg; sourceTree = "<group>"; };
		D1E00157260576DB00D77EF2 /* img4.jpg */ = {isa = PBXFileReference; lastKnownFileType = image.jpeg; path = img4.jpg; sourceTree = "<group>"; };
		D1E00158260576DB00D77EF2 /* img5.jpg */ = {isa = PBXFileReference; lastKnownFileType = image.jpeg; path = img5.jpg; sourceTree = "<group>"; };
		D1E00159260576DB00D77EF2 /* img6.jpg */ = {isa = PBXFileReference; lastKnownFileType = image.jpeg; path = img6.jpg; sourceTree = "<group>"; };
		D1E0015A260576DB00D77EF2 /* img7.jpg */ = {isa = PBXFileReference; lastKnownFileType = image.jpeg; path = img7.jpg; sourceTree = "<group>"; };
		D1E0015B260576DB00D77EF2 /* img8.jpg */ = {isa = PBXFileReference; lastKnownFileType = image.jpeg; path = img8.jpg; sourceTree = "<group>"; };
		D1E0015C260576DB00D77EF2 /* img9.jpg */ = {isa = PBXFileReference; lastKnownFileType = image.jpeg; path = img9.jpg; sourceTree = "<group>"; };
		D1E0016E26057A3000D77EF2 /* DetalhesViagemViewController.swift */ = {isa = PBXFileReference; lastKnownFileType = sourcecode.swift; path = DetalhesViagemViewController.swift; sourceTree = "<group>"; };
/* End PBXFileReference section */

/* Begin PBXFrameworksBuildPhase section */
		D1DB31EA25FFC4D700C92E3B /* Frameworks */ = {
			isa = PBXFrameworksBuildPhase;
			buildActionMask = 2147483647;
			files = (
			);
			runOnlyForDeploymentPostprocessing = 0;
		};
/* End PBXFrameworksBuildPhase section */

/* Begin PBXGroup section */
		D11F235326013C6B0042A08A /* Model */ = {
			isa = PBXGroup;
			children = (
				D1C27AD525FFFE7300EEA976 /* Viagem.swift */,
				D1E001492605707400D77EF2 /* PacoteViagem.swift */,
			);
			path = Model;
			sourceTree = "<group>";
		};
		D11F235426013C880042A08A /* Home */ = {
			isa = PBXGroup;
			children = (
				D11F235626013CAF0042A08A /* Controller */,
				D11F235526013C9F0042A08A /* View */,
			);
			path = Home;
			sourceTree = "<group>";
		};
		D11F235526013C9F0042A08A /* View */ = {
			isa = PBXGroup;
			children = (
				D1C27AD7260022FB00EEA976 /* TableViewCell.swift */,
			);
			path = View;
			sourceTree = "<group>";
		};
		D11F235626013CAF0042A08A /* Controller */ = {
			isa = PBXGroup;
			children = (
				D1DB31F425FFC4D700C92E3B /* ViewController.swift */,
			);
			path = Controller;
			sourceTree = "<group>";
		};
		D11F235726013CC60042A08A /* ViagemDAO */ = {
			isa = PBXGroup;
			children = (
				D1E001472605705000D77EF2 /* PacoteViagemDAO.swift */,
				D1C27AD325FFFE3D00EEA976 /* ViagemDAO.swift */,
			);
			path = ViagemDAO;
			sourceTree = "<group>";
		};
		D16A14F52606C5D9009EB3DC /* ConfirmacaoPagamento */ = {
			isa = PBXGroup;
			children = (
				D16A14F62606C5F3009EB3DC /* Controller */,
			);
			path = ConfirmacaoPagamento;
			sourceTree = "<group>";
		};
		D16A14F62606C5F3009EB3DC /* Controller */ = {
			isa = PBXGroup;
			children = (
				D16A14F72606C6D9009EB3DC /* ConfirmacaoPagamentoViewController.swift */,
			);
			path = Controller;
			sourceTree = "<group>";
		};
		D1B809D12602B87B00930468 /* Pacotes */ = {
			isa = PBXGroup;
			children = (
				D1B809D22602B89300930468 /* Controller */,
				D1B809D32602B89A00930468 /* View */,
			);
			path = Pacotes;
			sourceTree = "<group>";
		};
		D1B809D22602B89300930468 /* Controller */ = {
			isa = PBXGroup;
			children = (
				D1B809D42602B8D700930468 /* PacotesViagensViewController.swift */,
			);
			path = Controller;
			sourceTree = "<group>";
		};
		D1B809D32602B89A00930468 /* View */ = {
			isa = PBXGroup;
			children = (
				D1B809D62602C2DE00930468 /* PacoteViagemCollectionViewCell.swift */,
			);
			path = View;
			sourceTree = "<group>";
		};
		D1DB31E425FFC4D700C92E3B = {
			isa = PBXGroup;
			children = (
				D1DB31EF25FFC4D700C92E3B /* App Viagens */,
				D1DB31EE25FFC4D700C92E3B /* Products */,
			);
			sourceTree = "<group>";
		};
		D1DB31EE25FFC4D700C92E3B /* Products */ = {
			isa = PBXGroup;
			children = (
				D1DB31ED25FFC4D700C92E3B /* App Viagens.app */,
			);
			name = Products;
			sourceTree = "<group>";
		};
		D1DB31EF25FFC4D700C92E3B /* App Viagens */ = {
			isa = PBXGroup;
			children = (
				D1DB31F025FFC4D700C92E3B /* AppDelegate.swift */,
				D11F235326013C6B0042A08A /* Model */,
				D11F235426013C880042A08A /* Home */,
				D1B809D12602B87B00930468 /* Pacotes */,
				D1E0011C26050CE900D77EF2 /* DetalhesViagem */,
				D16A14F52606C5D9009EB3DC /* ConfirmacaoPagamento */,
				D11F235726013CC60042A08A /* ViagemDAO */,
				D1DB31F625FFC4D700C92E3B /* Main.storyboard */,
				D1E0014B260576DB00D77EF2 /* Assets */,
				D1DB31F225FFC4D700C92E3B /* SceneDelegate.swift */,
				D1DB31F925FFC4D700C92E3B /* Assets.xcassets */,
				D1DB31FB25FFC4D700C92E3B /* LaunchScreen.storyboard */,
				D1DB31FE25FFC4D700C92E3B /* Info.plist */,
			);
			path = "App Viagens";
			sourceTree = "<group>";
		};
		D1E0011C26050CE900D77EF2 /* DetalhesViagem */ = {
			isa = PBXGroup;
			children = (
				D1E0011E26050D2200D77EF2 /* Controller */,
				D1E0011D26050D0A00D77EF2 /* View */,
			);
			path = DetalhesViagem;
			sourceTree = "<group>";
		};
		D1E0011D26050D0A00D77EF2 /* View */ = {
			isa = PBXGroup;
			children = (
			);
			path = View;
			sourceTree = "<group>";
		};
		D1E0011E26050D2200D77EF2 /* Controller */ = {
			isa = PBXGroup;
			children = (
				D1E0016E26057A3000D77EF2 /* DetalhesViagemViewController.swift */,
			);
			path = Controller;
			sourceTree = "<group>";
		};
		D1E0014B260576DB00D77EF2 /* Assets */ = {
			isa = PBXGroup;
			children = (
				D1E0014C260576DB00D77EF2 /* icon_airplane.png */,
				D1E0014D260576DB00D77EF2 /* icon_back.png */,
				D1E0014E260576DB00D77EF2 /* icon_breakfast.png */,
				D1E0014F260576DB00D77EF2 /* icon_hotel.png */,
				D1E00150260576DB00D77EF2 /* icon_package@2x.png */,
				D1E00151260576DB00D77EF2 /* icon_search@2x.png */,
				D1E00152260576DB00D77EF2 /* img1.png */,
				D1E00153260576DB00D77EF2 /* img10.jpg */,
				D1E00154260576DB00D77EF2 /* img11.jpg */,
				D1E00155260576DB00D77EF2 /* img2.jpg */,
				D1E00156260576DB00D77EF2 /* img3.jpg */,
				D1E00157260576DB00D77EF2 /* img4.jpg */,
				D1E00158260576DB00D77EF2 /* img5.jpg */,
				D1E00159260576DB00D77EF2 /* img6.jpg */,
				D1E0015A260576DB00D77EF2 /* img7.jpg */,
				D1E0015B260576DB00D77EF2 /* img8.jpg */,
				D1E0015C260576DB00D77EF2 /* img9.jpg */,
			);
			path = Assets;
			sourceTree = "<group>";
		};
/* End PBXGroup section */

/* Begin PBXNativeTarget section */
		D1DB31EC25FFC4D700C92E3B /* App Viagens */ = {
			isa = PBXNativeTarget;
			buildConfigurationList = D1DB320125FFC4D700C92E3B /* Build configuration list for PBXNativeTarget "App Viagens" */;
			buildPhases = (
				D1DB31E925FFC4D700C92E3B /* Sources */,
				D1DB31EA25FFC4D700C92E3B /* Frameworks */,
				D1DB31EB25FFC4D700C92E3B /* Resources */,
			);
			buildRules = (
			);
			dependencies = (
			);
			name = "App Viagens";
			productName = "App Viagens";
			productReference = D1DB31ED25FFC4D700C92E3B /* App Viagens.app */;
			productType = "com.apple.product-type.application";
		};
/* End PBXNativeTarget section */

/* Begin PBXProject section */
		D1DB31E525FFC4D700C92E3B /* Project object */ = {
			isa = PBXProject;
			attributes = {
				LastSwiftUpdateCheck = 1130;
				LastUpgradeCheck = 1130;
				ORGANIZATIONNAME = ArjMaster;
				TargetAttributes = {
					D1DB31EC25FFC4D700C92E3B = {
						CreatedOnToolsVersion = 11.3.1;
					};
				};
			};
			buildConfigurationList = D1DB31E825FFC4D700C92E3B /* Build configuration list for PBXProject "App Viagens" */;
			compatibilityVersion = "Xcode 9.3";
			developmentRegion = en;
			hasScannedForEncodings = 0;
			knownRegions = (
				en,
				Base,
			);
			mainGroup = D1DB31E425FFC4D700C92E3B;
			productRefGroup = D1DB31EE25FFC4D700C92E3B /* Products */;
			projectDirPath = "";
			projectRoot = "";
			targets = (
				D1DB31EC25FFC4D700C92E3B /* App Viagens */,
			);
		};
/* End PBXProject section */

/* Begin PBXResourcesBuildPhase section */
		D1DB31EB25FFC4D700C92E3B /* Resources */ = {
			isa = PBXResourcesBuildPhase;
			buildActionMask = 2147483647;
			files = (
				D1E0015D260576DC00D77EF2 /* icon_airplane.png in Resources */,
				D1E0016D260576DC00D77EF2 /* img9.jpg in Resources */,
				D1E00168260576DC00D77EF2 /* img4.jpg in Resources */,
				D1E00163260576DC00D77EF2 /* img1.png in Resources */,
				D1DB31FD25FFC4D700C92E3B /* LaunchScreen.storyboard in Resources */,
				D1E00167260576DC00D77EF2 /* img3.jpg in Resources */,
				D1E00164260576DC00D77EF2 /* img10.jpg in Resources */,
				D1DB31FA25FFC4D700C92E3B /* Assets.xcassets in Resources */,
				D1E0016C260576DC00D77EF2 /* img8.jpg in Resources */,
				D1E0015E260576DC00D77EF2 /* icon_back.png in Resources */,
				D1E00162260576DC00D77EF2 /* icon_search@2x.png in Resources */,
				D1E00169260576DC00D77EF2 /* img5.jpg in Resources */,
				D1E00161260576DC00D77EF2 /* icon_package@2x.png in Resources */,
				D1E00166260576DC00D77EF2 /* img2.jpg in Resources */,
				D1E0015F260576DC00D77EF2 /* icon_breakfast.png in Resources */,
				D1E0016B260576DC00D77EF2 /* img7.jpg in Resources */,
				D1E00160260576DC00D77EF2 /* icon_hotel.png in Resources */,
				D1DB31F825FFC4D700C92E3B /* Main.storyboard in Resources */,
				D1E0016A260576DC00D77EF2 /* img6.jpg in Resources */,
				D1E00165260576DC00D77EF2 /* img11.jpg in Resources */,
			);
			runOnlyForDeploymentPostprocessing = 0;
		};
/* End PBXResourcesBuildPhase section */

/* Begin PBXSourcesBuildPhase section */
		D1DB31E925FFC4D700C92E3B /* Sources */ = {
			isa = PBXSourcesBuildPhase;
			buildActionMask = 2147483647;
			files = (
				D1B809D52602B8D700930468 /* PacotesViagensViewController.swift in Sources */,
				D1E0016F26057A3000D77EF2 /* DetalhesViagemViewController.swift in Sources */,
				D1DB31F525FFC4D700C92E3B /* ViewController.swift in Sources */,
				D1DB31F125FFC4D700C92E3B /* AppDelegate.swift in Sources */,
				D16A14F82606C6D9009EB3DC /* ConfirmacaoPagamentoViewController.swift in Sources */,
				D1B809D72602C2DE00930468 /* PacoteViagemCollectionViewCell.swift in Sources */,
				D1E001482605705000D77EF2 /* PacoteViagemDAO.swift in Sources */,
				D1DB31F325FFC4D700C92E3B /* SceneDelegate.swift in Sources */,
				D1C27AD8260022FB00EEA976 /* TableViewCell.swift in Sources */,
				D1C27AD425FFFE3D00EEA976 /* ViagemDAO.swift in Sources */,
				D1E0014A2605707400D77EF2 /* PacoteViagem.swift in Sources */,
				D1C27AD625FFFE7300EEA976 /* Viagem.swift in Sources */,
			);
			runOnlyForDeploymentPostprocessing = 0;
		};
/* End PBXSourcesBuildPhase section */

/* Begin PBXVariantGroup section */
		D1DB31F625FFC4D700C92E3B /* Main.storyboard */ = {
			isa = PBXVariantGroup;
			children = (
				D1DB31F725FFC4D700C92E3B /* Base */,
			);
			name = Main.storyboard;
			sourceTree = "<group>";
		};
		D1DB31FB25FFC4D700C92E3B /* LaunchScreen.storyboard */ = {
			isa = PBXVariantGroup;
			children = (
				D1DB31FC25FFC4D700C92E3B /* Base */,
			);
			name = LaunchScreen.storyboard;
			sourceTree = "<group>";
		};
/* End PBXVariantGroup section */

/* Begin XCBuildConfiguration section */
		D1DB31FF25FFC4D700C92E3B /* Debug */ = {
			isa = XCBuildConfiguration;
			buildSettings = {
				ALWAYS_SEARCH_USER_PATHS = NO;
				CLANG_ANALYZER_NONNULL = YES;
				CLANG_ANALYZER_NUMBER_OBJECT_CONVERSION = YES_AGGRESSIVE;
				CLANG_CXX_LANGUAGE_STANDARD = "gnu++14";
				CLANG_CXX_LIBRARY = "libc++";
				CLANG_ENABLE_MODULES = YES;
				CLANG_ENABLE_OBJC_ARC = YES;
				CLANG_ENABLE_OBJC_WEAK = YES;
				CLANG_WARN_BLOCK_CAPTURE_AUTORELEASING = YES;
				CLANG_WARN_BOOL_CONVERSION = YES;
				CLANG_WARN_COMMA = YES;
				CLANG_WARN_CONSTANT_CONVERSION = YES;
				CLANG_WARN_DEPRECATED_OBJC_IMPLEMENTATIONS = YES;
				CLANG_WARN_DIRECT_OBJC_ISA_USAGE = YES_ERROR;
				CLANG_WARN_DOCUMENTATION_COMMENTS = YES;
				CLANG_WARN_EMPTY_BODY = YES;
				CLANG_WARN_ENUM_CONVERSION = YES;
				CLANG_WARN_INFINITE_RECURSION = YES;
				CLANG_WARN_INT_CONVERSION = YES;
				CLANG_WARN_NON_LITERAL_NULL_CONVERSION = YES;
				CLANG_WARN_OBJC_IMPLICIT_RETAIN_SELF = YES;
				CLANG_WARN_OBJC_LITERAL_CONVERSION = YES;
				CLANG_WARN_OBJC_ROOT_CLASS = YES_ERROR;
				CLANG_WARN_RANGE_LOOP_ANALYSIS = YES;
				CLANG_WARN_STRICT_PROTOTYPES = YES;
				CLANG_WARN_SUSPICIOUS_MOVE = YES;
				CLANG_WARN_UNGUARDED_AVAILABILITY = YES_AGGRESSIVE;
				CLANG_WARN_UNREACHABLE_CODE = YES;
				CLANG_WARN__DUPLICATE_METHOD_MATCH = YES;
				COPY_PHASE_STRIP = NO;
				DEBUG_INFORMATION_FORMAT = dwarf;
				ENABLE_STRICT_OBJC_MSGSEND = YES;
				ENABLE_TESTABILITY = YES;
				GCC_C_LANGUAGE_STANDARD = gnu11;
				GCC_DYNAMIC_NO_PIC = NO;
				GCC_NO_COMMON_BLOCKS = YES;
				GCC_OPTIMIZATION_LEVEL = 0;
				GCC_PREPROCESSOR_DEFINITIONS = (
					"DEBUG=1",
					"$(inherited)",
				);
				GCC_WARN_64_TO_32_BIT_CONVERSION = YES;
				GCC_WARN_ABOUT_RETURN_TYPE = YES_ERROR;
				GCC_WARN_UNDECLARED_SELECTOR = YES;
				GCC_WARN_UNINITIALIZED_AUTOS = YES_AGGRESSIVE;
				GCC_WARN_UNUSED_FUNCTION = YES;
				GCC_WARN_UNUSED_VARIABLE = YES;
				IPHONEOS_DEPLOYMENT_TARGET = 13.2;
				MTL_ENABLE_DEBUG_INFO = INCLUDE_SOURCE;
				MTL_FAST_MATH = YES;
				ONLY_ACTIVE_ARCH = YES;
				SDKROOT = iphoneos;
				SWIFT_ACTIVE_COMPILATION_CONDITIONS = DEBUG;
				SWIFT_OPTIMIZATION_LEVEL = "-Onone";
			};
			name = Debug;
		};
		D1DB320025FFC4D700C92E3B /* Release */ = {
			isa = XCBuildConfiguration;
			buildSettings = {
				ALWAYS_SEARCH_USER_PATHS = NO;
				CLANG_ANALYZER_NONNULL = YES;
				CLANG_ANALYZER_NUMBER_OBJECT_CONVERSION = YES_AGGRESSIVE;
				CLANG_CXX_LANGUAGE_STANDARD = "gnu++14";
				CLANG_CXX_LIBRARY = "libc++";
				CLANG_ENABLE_MODULES = YES;
				CLANG_ENABLE_OBJC_ARC = YES;
				CLANG_ENABLE_OBJC_WEAK = YES;
				CLANG_WARN_BLOCK_CAPTURE_AUTORELEASING = YES;
				CLANG_WARN_BOOL_CONVERSION = YES;
				CLANG_WARN_COMMA = YES;
				CLANG_WARN_CONSTANT_CONVERSION = YES;
				CLANG_WARN_DEPRECATED_OBJC_IMPLEMENTATIONS = YES;
				CLANG_WARN_DIRECT_OBJC_ISA_USAGE = YES_ERROR;
				CLANG_WARN_DOCUMENTATION_COMMENTS = YES;
				CLANG_WARN_EMPTY_BODY = YES;
				CLANG_WARN_ENUM_CONVERSION = YES;
				CLANG_WARN_INFINITE_RECURSION = YES;
				CLANG_WARN_INT_CONVERSION = YES;
				CLANG_WARN_NON_LITERAL_NULL_CONVERSION = YES;
				CLANG_WARN_OBJC_IMPLICIT_RETAIN_SELF = YES;
				CLANG_WARN_OBJC_LITERAL_CONVERSION = YES;
				CLANG_WARN_OBJC_ROOT_CLASS = YES_ERROR;
				CLANG_WARN_RANGE_LOOP_ANALYSIS = YES;
				CLANG_WARN_STRICT_PROTOTYPES = YES;
				CLANG_WARN_SUSPICIOUS_MOVE = YES;
				CLANG_WARN_UNGUARDED_AVAILABILITY = YES_AGGRESSIVE;
				CLANG_WARN_UNREACHABLE_CODE = YES;
				CLANG_WARN__DUPLICATE_METHOD_MATCH = YES;
				COPY_PHASE_STRIP = NO;
				DEBUG_INFORMATION_FORMAT = "dwarf-with-dsym";
				ENABLE_NS_ASSERTIONS = NO;
				ENABLE_STRICT_OBJC_MSGSEND = YES;
				GCC_C_LANGUAGE_STANDARD = gnu11;
				GCC_NO_COMMON_BLOCKS = YES;
				GCC_WARN_64_TO_32_BIT_CONVERSION = YES;
				GCC_WARN_ABOUT_RETURN_TYPE = YES_ERROR;
				GCC_WARN_UNDECLARED_SELECTOR = YES;
				GCC_WARN_UNINITIALIZED_AUTOS = YES_AGGRESSIVE;
				GCC_WARN_UNUSED_FUNCTION = YES;
				GCC_WARN_UNUSED_VARIABLE = YES;
				IPHONEOS_DEPLOYMENT_TARGET = 13.2;
				MTL_ENABLE_DEBUG_INFO = NO;
				MTL_FAST_MATH = YES;
				SDKROOT = iphoneos;
				SWIFT_COMPILATION_MODE = wholemodule;
				SWIFT_OPTIMIZATION_LEVEL = "-O";
				VALIDATE_PRODUCT = YES;
			};
			name = Release;
		};
		D1DB320225FFC4D700C92E3B /* Debug */ = {
			isa = XCBuildConfiguration;
			buildSettings = {
				ASSETCATALOG_COMPILER_APPICON_NAME = AppIcon;
				CODE_SIGN_STYLE = Automatic;
				DEVELOPMENT_TEAM = VP82G3HGX6;
				INFOPLIST_FILE = "App Viagens/Info.plist";
				LD_RUNPATH_SEARCH_PATHS = (
					"$(inherited)",
					"@executable_path/Frameworks",
				);
				PRODUCT_BUNDLE_IDENTIFIER = "arjmaster.App-Viagens";
				PRODUCT_NAME = "$(TARGET_NAME)";
				SWIFT_VERSION = 5.0;
				TARGETED_DEVICE_FAMILY = "1,2";
			};
			name = Debug;
		};
		D1DB320325FFC4D700C92E3B /* Release */ = {
			isa = XCBuildConfiguration;
			buildSettings = {
				ASSETCATALOG_COMPILER_APPICON_NAME = AppIcon;
				CODE_SIGN_STYLE = Automatic;
				DEVELOPMENT_TEAM = VP82G3HGX6;
				INFOPLIST_FILE = "App Viagens/Info.plist";
				LD_RUNPATH_SEARCH_PATHS = (
					"$(inherited)",
					"@executable_path/Frameworks",
				);
				PRODUCT_BUNDLE_IDENTIFIER = "arjmaster.App-Viagens";
				PRODUCT_NAME = "$(TARGET_NAME)";
				SWIFT_VERSION = 5.0;
				TARGETED_DEVICE_FAMILY = "1,2";
			};
			name = Release;
		};
/* End XCBuildConfiguration section */

/* Begin XCConfigurationList section */
		D1DB31E825FFC4D700C92E3B /* Build configuration list for PBXProject "App Viagens" */ = {
			isa = XCConfigurationList;
			buildConfigurations = (
				D1DB31FF25FFC4D700C92E3B /* Debug */,
				D1DB320025FFC4D700C92E3B /* Release */,
			);
			defaultConfigurationIsVisible = 0;
			defaultConfigurationName = Release;
		};
		D1DB320125FFC4D700C92E3B /* Build configuration list for PBXNativeTarget "App Viagens" */ = {
			isa = XCConfigurationList;
			buildConfigurations = (
				D1DB320225FFC4D700C92E3B /* Debug */,
				D1DB320325FFC4D700C92E3B /* Release */,
			);
			defaultConfigurationIsVisible = 0;
			defaultConfigurationName = Release;
		};
/* End XCConfigurationList section */
	};
	rootObject = D1DB31E525FFC4D700C92E3B /* Project object */;
}
